
Microsoft Visual Studio Solution File, Format Version 12.00
# Visual Studio Version 17
VisualStudioVersion = 17.9.34728.123
MinimumVisualStudioVersion = 10.0.40219.1
Project("{FAE04EC0-301F-11D3-BF4B-00C04F79EFBC}") = "5by5-NumerosPilhaFila", "5by5-NumerosPilhaFila\5by5-NumerosPilhaFila.csproj", "{A980564B-0F6F-487A-8892-753673F37B6B}"
EndProject
Global
	GlobalSection(SolutionConfigurationPlatforms) = preSolution
		Debug|Any CPU = Debug|Any CPU
		Release|Any CPU = Release|Any CPU
	EndGlobalSection
	GlobalSection(ProjectConfigurationPlatforms) = postSolution
		{A980564B-0F6F-487A-8892-753673F37B6B}.Debug|Any CPU.ActiveCfg = Debug|Any CPU
		{A980564B-0F6F-487A-8892-753673F37B6B}.Debug|Any CPU.Build.0 = Debug|Any CPU
		{A980564B-0F6F-487A-8892-753673F37B6B}.Release|Any CPU.ActiveCfg = Release|Any CPU
		{A980564B-0F6F-487A-8892-753673F37B6B}.Release|Any CPU.Build.0 = Release|Any CPU
	EndGlobalSection
	GlobalSection(SolutionProperties) = preSolution
		HideSolutionNode = FALSE
	EndGlobalSection
	GlobalSection(ExtensibilityGlobals) = postSolution
		SolutionGuid = {9E81798E-7122-499E-A0A2-12985DC7742B}
	EndGlobalSection
EndGlobal
